
Microsoft Visual Studio Solution File, Format Version 12.00
# Visual Studio 15
VisualStudioVersion = 15.0.28307.168
MinimumVisualStudioVersion = 10.0.40219.1
Project("{FAE04EC0-301F-11D3-BF4B-00C04F79EFBC}") = "OauthWebAPI", "OauthWebAPI\OauthWebAPI.csproj", "{C77DF8D0-4B13-48C2-9F99-63FC2602F4B5}"
EndProject
Global
	GlobalSection(SolutionConfigurationPlatforms) = preSolution
		Debug|Any CPU = Debug|Any CPU
		Release|Any CPU = Release|Any CPU
	EndGlobalSection
	GlobalSection(ProjectConfigurationPlatforms) = postSolution
		{C77DF8D0-4B13-48C2-9F99-63FC2602F4B5}.Debug|Any CPU.ActiveCfg = Debug|Any CPU
		{C77DF8D0-4B13-48C2-9F99-63FC2602F4B5}.Debug|Any CPU.Build.0 = Debug|Any CPU
		{C77DF8D0-4B13-48C2-9F99-63FC2602F4B5}.Release|Any CPU.ActiveCfg = Release|Any CPU
		{C77DF8D0-4B13-48C2-9F99-63FC2602F4B5}.Release|Any CPU.Build.0 = Release|Any CPU
	EndGlobalSection
	GlobalSection(SolutionProperties) = preSolution
		HideSolutionNode = FALSE
	EndGlobalSection
	GlobalSection(ExtensibilityGlobals) = postSolution
		SolutionGuid = {CE3E8CD1-B474-46B3-B474-3897FE9C6B71}
	EndGlobalSection
EndGlobal
